// !$*UTF8*$!
{
	archiveVersion = 1;
	classes = {
	};
	objectVersion = 46;
	objects = {

/* Begin PBXBuildFile section */
		608148DA1C61EEA500F9BFCC /* main.m in Sources */ = {isa = PBXBuildFile; fileRef = 608148D91C61EEA500F9BFCC /* main.m */; };
		608148DD1C61EEA500F9BFCC /* AppDelegate.m in Sources */ = {isa = PBXBuildFile; fileRef = 608148DC1C61EEA500F9BFCC /* AppDelegate.m */; };
		608148E01C61EEA500F9BFCC /* ViewController.m in Sources */ = {isa = PBXBuildFile; fileRef = 608148DF1C61EEA500F9BFCC /* ViewController.m */; };
		608148E31C61EEA500F9BFCC /* Main.storyboard in Resources */ = {isa = PBXBuildFile; fileRef = 608148E11C61EEA500F9BFCC /* Main.storyboard */; };
		608148E51C61EEA500F9BFCC /* Assets.xcassets in Resources */ = {isa = PBXBuildFile; fileRef = 608148E41C61EEA500F9BFCC /* Assets.xcassets */; };
		608148E81C61EEA500F9BFCC /* LaunchScreen.storyboard in Resources */ = {isa = PBXBuildFile; fileRef = 608148E61C61EEA500F9BFCC /* LaunchScreen.storyboard */; };
		608148F31C61EEA500F9BFCC /* PieViewTests.m in Sources */ = {isa = PBXBuildFile; fileRef = 608148F21C61EEA500F9BFCC /* PieViewTests.m */; };
		608148FE1C61EEA500F9BFCC /* PieViewUITests.m in Sources */ = {isa = PBXBuildFile; fileRef = 608148FD1C61EEA500F9BFCC /* PieViewUITests.m */; };
		608149311C61F0D500F9BFCC /* PNBar.m in Sources */ = {isa = PBXBuildFile; fileRef = 6081490E1C61F0D500F9BFCC /* PNBar.m */; };
		608149321C61F0D500F9BFCC /* PNBarChart.m in Sources */ = {isa = PBXBuildFile; fileRef = 608149101C61F0D500F9BFCC /* PNBarChart.m */; };
		608149331C61F0D500F9BFCC /* PNChartLabel.m in Sources */ = {isa = PBXBuildFile; fileRef = 608149141C61F0D500F9BFCC /* PNChartLabel.m */; };
		608149341C61F0D500F9BFCC /* PNCircleChart.m in Sources */ = {isa = PBXBuildFile; fileRef = 608149161C61F0D500F9BFCC /* PNCircleChart.m */; };
		608149351C61F0D500F9BFCC /* PNColor.m in Sources */ = {isa = PBXBuildFile; fileRef = 608149181C61F0D500F9BFCC /* PNColor.m */; };
		608149361C61F0D500F9BFCC /* PNGenericChart.m in Sources */ = {isa = PBXBuildFile; fileRef = 6081491A1C61F0D500F9BFCC /* PNGenericChart.m */; };
		608149371C61F0D500F9BFCC /* PNLineChart.m in Sources */ = {isa = PBXBuildFile; fileRef = 6081491C1C61F0D500F9BFCC /* PNLineChart.m */; };
		608149381C61F0D500F9BFCC /* PNLineChartData.m in Sources */ = {isa = PBXBuildFile; fileRef = 6081491E1C61F0D500F9BFCC /* PNLineChartData.m */; };
		608149391C61F0D500F9BFCC /* PNLineChartDataItem.m in Sources */ = {isa = PBXBuildFile; fileRef = 608149201C61F0D500F9BFCC /* PNLineChartDataItem.m */; };
		6081493A1C61F0D500F9BFCC /* PNPieChart.m in Sources */ = {isa = PBXBuildFile; fileRef = 608149221C61F0D500F9BFCC /* PNPieChart.m */; };
		6081493B1C61F0D500F9BFCC /* PNPieChartDataItem.m in Sources */ = {isa = PBXBuildFile; fileRef = 608149241C61F0D500F9BFCC /* PNPieChartDataItem.m */; };
		6081493C1C61F0D500F9BFCC /* PNRadarChart.m in Sources */ = {isa = PBXBuildFile; fileRef = 608149261C61F0D500F9BFCC /* PNRadarChart.m */; };
		6081493D1C61F0D500F9BFCC /* PNRadarChartDataItem.m in Sources */ = {isa = PBXBuildFile; fileRef = 608149281C61F0D500F9BFCC /* PNRadarChartDataItem.m */; };
		6081493E1C61F0D500F9BFCC /* PNScatterChart.m in Sources */ = {isa = PBXBuildFile; fileRef = 6081492A1C61F0D500F9BFCC /* PNScatterChart.m */; };
		6081493F1C61F0D500F9BFCC /* PNScatterChartData.m in Sources */ = {isa = PBXBuildFile; fileRef = 6081492C1C61F0D500F9BFCC /* PNScatterChartData.m */; };
		608149401C61F0D500F9BFCC /* PNScatterChartDataItem.m in Sources */ = {isa = PBXBuildFile; fileRef = 6081492E1C61F0D500F9BFCC /* PNScatterChartDataItem.m */; };
		608149411C61F0D500F9BFCC /* UICountingLabel.m in Sources */ = {isa = PBXBuildFile; fileRef = 608149301C61F0D500F9BFCC /* UICountingLabel.m */; };
/* End PBXBuildFile section */

/* Begin PBXContainerItemProxy section */
		608148EF1C61EEA500F9BFCC /* PBXContainerItemProxy */ = {
			isa = PBXContainerItemProxy;
			containerPortal = 608148CD1C61EEA500F9BFCC /* Project object */;
			proxyType = 1;
			remoteGlobalIDString = 608148D41C61EEA500F9BFCC;
			remoteInfo = PieView;
		};
		608148FA1C61EEA500F9BFCC /* PBXContainerItemProxy */ = {
			isa = PBXContainerItemProxy;
			containerPortal = 608148CD1C61EEA500F9BFCC /* Project object */;
			proxyType = 1;
			remoteGlobalIDString = 608148D41C61EEA500F9BFCC;
			remoteInfo = PieView;
		};
/* End PBXContainerItemProxy section */

/* Begin PBXFileReference section */
		608148D51C61EEA500F9BFCC /* PieView.app */ = {isa = PBXFileReference; explicitFileType = wrapper.application; includeInIndex = 0; path = PieView.app; sourceTree = BUILT_PRODUCTS_DIR; };
		608148D91C61EEA500F9BFCC /* main.m */ = {isa = PBXFileReference; lastKnownFileType = sourcecode.c.objc; path = main.m; sourceTree = "<group>"; };
		608148DB1C61EEA500F9BFCC /* AppDelegate.h */ = {isa = PBXFileReference; lastKnownFileType = sourcecode.c.h; path = AppDelegate.h; sourceTree = "<group>"; };
		608148DC1C61EEA500F9BFCC /* AppDelegate.m */ = {isa = PBXFileReference; lastKnownFileType = sourcecode.c.objc; path = AppDelegate.m; sourceTree = "<group>"; };
		608148DE1C61EEA500F9BFCC /* ViewController.h */ = {isa = PBXFileReference; lastKnownFileType = sourcecode.c.h; path = ViewController.h; sourceTree = "<group>"; };
		608148DF1C61EEA500F9BFCC /* ViewController.m */ = {isa = PBXFileReference; lastKnownFileType = sourcecode.c.objc; path = ViewController.m; sourceTree = "<group>"; };
		608148E21C61EEA500F9BFCC /* Base */ = {isa = PBXFileReference; lastKnownFileType = file.storyboard; name = Base; path = Base.lproj/Main.storyboard; sourceTree = "<group>"; };
		608148E41C61EEA500F9BFCC /* Assets.xcassets */ = {isa = PBXFileReference; lastKnownFileType = folder.assetcatalog; path = Assets.xcassets; sourceTree = "<group>"; };
		608148E71C61EEA500F9BFCC /* Base */ = {isa = PBXFileReference; lastKnownFileType = file.storyboard; name = Base; path = Base.lproj/LaunchScreen.storyboard; sourceTree = "<group>"; };
		608148E91C61EEA500F9BFCC /* Info.plist */ = {isa = PBXFileReference; lastKnownFileType = text.plist.xml; path = Info.plist; sourceTree = "<group>"; };
		608148EE1C61EEA500F9BFCC /* PieViewTests.xctest */ = {isa = PBXFileReference; explicitFileType = wrapper.cfbundle; includeInIndex = 0; path = PieViewTests.xctest; sourceTree = BUILT_PRODUCTS_DIR; };
		608148F21C61EEA500F9BFCC /* PieViewTests.m */ = {isa = PBXFileReference; lastKnownFileType = sourcecode.c.objc; path = PieViewTests.m; sourceTree = "<group>"; };
		608148F41C61EEA500F9BFCC /* Info.plist */ = {isa = PBXFileReference; lastKnownFileType = text.plist.xml; path = Info.plist; sourceTree = "<group>"; };
		608148F91C61EEA500F9BFCC /* PieViewUITests.xctest */ = {isa = PBXFileReference; explicitFileType = wrapper.cfbundle; includeInIndex = 0; path = PieViewUITests.xctest; sourceTree = BUILT_PRODUCTS_DIR; };
		608148FD1C61EEA500F9BFCC /* PieViewUITests.m */ = {isa = PBXFileReference; lastKnownFileType = sourcecode.c.objc; path = PieViewUITests.m; sourceTree = "<group>"; };
		608148FF1C61EEA500F9BFCC /* Info.plist */ = {isa = PBXFileReference; lastKnownFileType = text.plist.xml; path = Info.plist; sourceTree = "<group>"; };
		6081490C1C61F0D500F9BFCC /* CONST.h */ = {isa = PBXFileReference; fileEncoding = 4; lastKnownFileType = sourcecode.c.h; path = CONST.h; sourceTree = "<group>"; };
		6081490D1C61F0D500F9BFCC /* PNBar.h */ = {isa = PBXFileReference; fileEncoding = 4; lastKnownFileType = sourcecode.c.h; path = PNBar.h; sourceTree = "<group>"; };
		6081490E1C61F0D500F9BFCC /* PNBar.m */ = {isa = PBXFileReference; fileEncoding = 4; lastKnownFileType = sourcecode.c.objc; path = PNBar.m; sourceTree = "<group>"; };
		6081490F1C61F0D500F9BFCC /* PNBarChart.h */ = {isa = PBXFileReference; fileEncoding = 4; lastKnownFileType = sourcecode.c.h; path = PNBarChart.h; sourceTree = "<group>"; };
		608149101C61F0D500F9BFCC /* PNBarChart.m */ = {isa = PBXFileReference; fileEncoding = 4; lastKnownFileType = sourcecode.c.objc; path = PNBarChart.m; sourceTree = "<group>"; };
		608149111C61F0D500F9BFCC /* PNChart.h */ = {isa = PBXFileReference; fileEncoding = 4; lastKnownFileType = sourcecode.c.h; path = PNChart.h; sourceTree = "<group>"; };
		608149121C61F0D500F9BFCC /* PNChartDelegate.h */ = {isa = PBXFileReference; fileEncoding = 4; lastKnownFileType = sourcecode.c.h; path = PNChartDelegate.h; sourceTree = "<group>"; };
		608149131C61F0D500F9BFCC /* PNChartLabel.h */ = {isa = PBXFileReference; fileEncoding = 4; lastKnownFileType = sourcecode.c.h; path = PNChartLabel.h; sourceTree = "<group>"; };
		608149141C61F0D500F9BFCC /* PNChartLabel.m */ = {isa = PBXFileReference; fileEncoding = 4; lastKnownFileType = sourcecode.c.objc; path = PNChartLabel.m; sourceTree = "<group>"; };
		608149151C61F0D500F9BFCC /* PNCircleChart.h */ = {isa = PBXFileReference; fileEncoding = 4; lastKnownFileType = sourcecode.c.h; path = PNCircleChart.h; sourceTree = "<group>"; };
		608149161C61F0D500F9BFCC /* PNCircleChart.m */ = {isa = PBXFileReference; fileEncoding = 4; lastKnownFileType = sourcecode.c.objc; path = PNCircleChart.m; sourceTree = "<group>"; };
		608149171C61F0D500F9BFCC /* PNColor.h */ = {isa = PBXFileReference; fileEncoding = 4; lastKnownFileType = sourcecode.c.h; path = PNColor.h; sourceTree = "<group>"; };
		608149181C61F0D500F9BFCC /* PNColor.m */ = {isa = PBXFileReference; fileEncoding = 4; lastKnownFileType = sourcecode.c.objc; path = PNColor.m; sourceTree = "<group>"; };
		608149191C61F0D500F9BFCC /* PNGenericChart.h */ = {isa = PBXFileReference; fileEncoding = 4; lastKnownFileType = sourcecode.c.h; path = PNGenericChart.h; sourceTree = "<group>"; };
		6081491A1C61F0D500F9BFCC /* PNGenericChart.m */ = {isa = PBXFileReference; fileEncoding = 4; lastKnownFileType = sourcecode.c.objc; path = PNGenericChart.m; sourceTree = "<group>"; };
		6081491B1C61F0D500F9BFCC /* PNLineChart.h */ = {isa = PBXFileReference; fileEncoding = 4; lastKnownFileType = sourcecode.c.h; path = PNLineChart.h; sourceTree = "<group>"; };
		6081491C1C61F0D500F9BFCC /* PNLineChart.m */ = {isa = PBXFileReference; fileEncoding = 4; lastKnownFileType = sourcecode.c.objc; path = PNLineChart.m; sourceTree = "<group>"; };
		6081491D1C61F0D500F9BFCC /* PNLineChartData.h */ = {isa = PBXFileReference; fileEncoding = 4; lastKnownFileType = sourcecode.c.h; path = PNLineChartData.h; sourceTree = "<group>"; };
		6081491E1C61F0D500F9BFCC /* PNLineChartData.m */ = {isa = PBXFileReference; fileEncoding = 4; lastKnownFileType = sourcecode.c.objc; path = PNLineChartData.m; sourceTree = "<group>"; };
		6081491F1C61F0D500F9BFCC /* PNLineChartDataItem.h */ = {isa = PBXFileReference; fileEncoding = 4; lastKnownFileType = sourcecode.c.h; path = PNLineChartDataItem.h; sourceTree = "<group>"; };
		608149201C61F0D500F9BFCC /* PNLineChartDataItem.m */ = {isa = PBXFileReference; fileEncoding = 4; lastKnownFileType = sourcecode.c.objc; path = PNLineChartDataItem.m; sourceTree = "<group>"; };
		608149211C61F0D500F9BFCC /* PNPieChart.h */ = {isa = PBXFileReference; fileEncoding = 4; lastKnownFileType = sourcecode.c.h; path = PNPieChart.h; sourceTree = "<group>"; };
		608149221C61F0D500F9BFCC /* PNPieChart.m */ = {isa = PBXFileReference; fileEncoding = 4; lastKnownFileType = sourcecode.c.objc; path = PNPieChart.m; sourceTree = "<group>"; };
		608149231C61F0D500F9BFCC /* PNPieChartDataItem.h */ = {isa = PBXFileReference; fileEncoding = 4; lastKnownFileType = sourcecode.c.h; path = PNPieChartDataItem.h; sourceTree = "<group>"; };
		608149241C61F0D500F9BFCC /* PNPieChartDataItem.m */ = {isa = PBXFileReference; fileEncoding = 4; lastKnownFileType = sourcecode.c.objc; path = PNPieChartDataItem.m; sourceTree = "<group>"; };
		608149251C61F0D500F9BFCC /* PNRadarChart.h */ = {isa = PBXFileReference; fileEncoding = 4; lastKnownFileType = sourcecode.c.h; path = PNRadarChart.h; sourceTree = "<group>"; };
		608149261C61F0D500F9BFCC /* PNRadarChart.m */ = {isa = PBXFileReference; fileEncoding = 4; lastKnownFileType = sourcecode.c.objc; path = PNRadarChart.m; sourceTree = "<group>"; };
		608149271C61F0D500F9BFCC /* PNRadarChartDataItem.h */ = {isa = PBXFileReference; fileEncoding = 4; lastKnownFileType = sourcecode.c.h; path = PNRadarChartDataItem.h; sourceTree = "<group>"; };
		608149281C61F0D500F9BFCC /* PNRadarChartDataItem.m */ = {isa = PBXFileReference; fileEncoding = 4; lastKnownFileType = sourcecode.c.objc; path = PNRadarChartDataItem.m; sourceTree = "<group>"; };
		608149291C61F0D500F9BFCC /* PNScatterChart.h */ = {isa = PBXFileReference; fileEncoding = 4; lastKnownFileType = sourcecode.c.h; path = PNScatterChart.h; sourceTree = "<group>"; };
		6081492A1C61F0D500F9BFCC /* PNScatterChart.m */ = {isa = PBXFileReference; fileEncoding = 4; lastKnownFileType = sourcecode.c.objc; path = PNScatterChart.m; sourceTree = "<group>"; };
		6081492B1C61F0D500F9BFCC /* PNScatterChartData.h */ = {isa = PBXFileReference; fileEncoding = 4; lastKnownFileType = sourcecode.c.h; path = PNScatterChartData.h; sourceTree = "<group>"; };
		6081492C1C61F0D500F9BFCC /* PNScatterChartData.m */ = {isa = PBXFileReference; fileEncoding = 4; lastKnownFileType = sourcecode.c.objc; path = PNScatterChartData.m; sourceTree = "<group>"; };
		6081492D1C61F0D500F9BFCC /* PNScatterChartDataItem.h */ = {isa = PBXFileReference; fileEncoding = 4; lastKnownFileType = sourcecode.c.h; path = PNScatterChartDataItem.h; sourceTree = "<group>"; };
		6081492E1C61F0D500F9BFCC /* PNScatterChartDataItem.m */ = {isa = PBXFileReference; fileEncoding = 4; lastKnownFileType = sourcecode.c.objc; path = PNScatterChartDataItem.m; sourceTree = "<group>"; };
		6081492F1C61F0D500F9BFCC /* UICountingLabel.h */ = {isa = PBXFileReference; fileEncoding = 4; lastKnownFileType = sourcecode.c.h; path = UICountingLabel.h; sourceTree = "<group>"; };
		608149301C61F0D500F9BFCC /* UICountingLabel.m */ = {isa = PBXFileReference; fileEncoding = 4; lastKnownFileType = sourcecode.c.objc; path = UICountingLabel.m; sourceTree = "<group>"; };
/* End PBXFileReference section */

/* Begin PBXFrameworksBuildPhase section */
		608148D21C61EEA500F9BFCC /* Frameworks */ = {
			isa = PBXFrameworksBuildPhase;
			buildActionMask = 2147483647;
			files = (
			);
			runOnlyForDeploymentPostprocessing = 0;
		};
		608148EB1C61EEA500F9BFCC /* Frameworks */ = {
			isa = PBXFrameworksBuildPhase;
			buildActionMask = 2147483647;
			files = (
			);
			runOnlyForDeploymentPostprocessing = 0;
		};
		608148F61C61EEA500F9BFCC /* Frameworks */ = {
			isa = PBXFrameworksBuildPhase;
			buildActionMask = 2147483647;
			files = (
			);
			runOnlyForDeploymentPostprocessing = 0;
		};
/* End PBXFrameworksBuildPhase section */

/* Begin PBXGroup section */
		608148CC1C61EEA500F9BFCC = {
			isa = PBXGroup;
			children = (
				608148D71C61EEA500F9BFCC /* PieView */,
				608148F11C61EEA500F9BFCC /* PieViewTests */,
				608148FC1C61EEA500F9BFCC /* PieViewUITests */,
				608148D61C61EEA500F9BFCC /* Products */,
			);
			sourceTree = "<group>";
		};
		608148D61C61EEA500F9BFCC /* Products */ = {
			isa = PBXGroup;
			children = (
				608148D51C61EEA500F9BFCC /* PieView.app */,
				608148EE1C61EEA500F9BFCC /* PieViewTests.xctest */,
				608148F91C61EEA500F9BFCC /* PieViewUITests.xctest */,
			);
			name = Products;
			sourceTree = "<group>";
		};
		608148D71C61EEA500F9BFCC /* PieView */ = {
			isa = PBXGroup;
			children = (
				6081490B1C61F0D500F9BFCC /* PNChart */,
				608148DB1C61EEA500F9BFCC /* AppDelegate.h */,
				608148DC1C61EEA500F9BFCC /* AppDelegate.m */,
				608148DE1C61EEA500F9BFCC /* ViewController.h */,
				608148DF1C61EEA500F9BFCC /* ViewController.m */,
				608148E11C61EEA500F9BFCC /* Main.storyboard */,
				608148E41C61EEA500F9BFCC /* Assets.xcassets */,
				608148E61C61EEA500F9BFCC /* LaunchScreen.storyboard */,
				608148E91C61EEA500F9BFCC /* Info.plist */,
				608148D81C61EEA500F9BFCC /* Supporting Files */,
			);
			path = PieView;
			sourceTree = "<group>";
		};
		608148D81C61EEA500F9BFCC /* Supporting Files */ = {
			isa = PBXGroup;
			children = (
				608148D91C61EEA500F9BFCC /* main.m */,
			);
			name = "Supporting Files";
			sourceTree = "<group>";
		};
		608148F11C61EEA500F9BFCC /* PieViewTests */ = {
			isa = PBXGroup;
			children = (
				608148F21C61EEA500F9BFCC /* PieViewTests.m */,
				608148F41C61EEA500F9BFCC /* Info.plist */,
			);
			path = PieViewTests;
			sourceTree = "<group>";
		};
		608148FC1C61EEA500F9BFCC /* PieViewUITests */ = {
			isa = PBXGroup;
			children = (
				608148FD1C61EEA500F9BFCC /* PieViewUITests.m */,
				608148FF1C61EEA500F9BFCC /* Info.plist */,
			);
			path = PieViewUITests;
			sourceTree = "<group>";
		};
		6081490B1C61F0D500F9BFCC /* PNChart */ = {
			isa = PBXGroup;
			children = (
				6081490C1C61F0D500F9BFCC /* CONST.h */,
				6081490D1C61F0D500F9BFCC /* PNBar.h */,
				6081490E1C61F0D500F9BFCC /* PNBar.m */,
				6081490F1C61F0D500F9BFCC /* PNBarChart.h */,
				608149101C61F0D500F9BFCC /* PNBarChart.m */,
				608149111C61F0D500F9BFCC /* PNChart.h */,
				608149121C61F0D500F9BFCC /* PNChartDelegate.h */,
				608149131C61F0D500F9BFCC /* PNChartLabel.h */,
				608149141C61F0D500F9BFCC /* PNChartLabel.m */,
				608149151C61F0D500F9BFCC /* PNCircleChart.h */,
				608149161C61F0D500F9BFCC /* PNCircleChart.m */,
				608149171C61F0D500F9BFCC /* PNColor.h */,
				608149181C61F0D500F9BFCC /* PNColor.m */,
				608149191C61F0D500F9BFCC /* PNGenericChart.h */,
				6081491A1C61F0D500F9BFCC /* PNGenericChart.m */,
				6081491B1C61F0D500F9BFCC /* PNLineChart.h */,
				6081491C1C61F0D500F9BFCC /* PNLineChart.m */,
				6081491D1C61F0D500F9BFCC /* PNLineChartData.h */,
				6081491E1C61F0D500F9BFCC /* PNLineChartData.m */,
				6081491F1C61F0D500F9BFCC /* PNLineChartDataItem.h */,
				608149201C61F0D500F9BFCC /* PNLineChartDataItem.m */,
				608149211C61F0D500F9BFCC /* PNPieChart.h */,
				608149221C61F0D500F9BFCC /* PNPieChart.m */,
				608149231C61F0D500F9BFCC /* PNPieChartDataItem.h */,
				608149241C61F0D500F9BFCC /* PNPieChartDataItem.m */,
				608149251C61F0D500F9BFCC /* PNRadarChart.h */,
				608149261C61F0D500F9BFCC /* PNRadarChart.m */,
				608149271C61F0D500F9BFCC /* PNRadarChartDataItem.h */,
				608149281C61F0D500F9BFCC /* PNRadarChartDataItem.m */,
				608149291C61F0D500F9BFCC /* PNScatterChart.h */,
				6081492A1C61F0D500F9BFCC /* PNScatterChart.m */,
				6081492B1C61F0D500F9BFCC /* PNScatterChartData.h */,
				6081492C1C61F0D500F9BFCC /* PNScatterChartData.m */,
				6081492D1C61F0D500F9BFCC /* PNScatterChartDataItem.h */,
				6081492E1C61F0D500F9BFCC /* PNScatterChartDataItem.m */,
				6081492F1C61F0D500F9BFCC /* UICountingLabel.h */,
				608149301C61F0D500F9BFCC /* UICountingLabel.m */,
			);
			path = PNChart;
			sourceTree = "<group>";
		};
/* End PBXGroup section */

/* Begin PBXNativeTarget section */
		608148D41C61EEA500F9BFCC /* PieView */ = {
			isa = PBXNativeTarget;
			buildConfigurationList = 608149021C61EEA500F9BFCC /* Build configuration list for PBXNativeTarget "PieView" */;
			buildPhases = (
				608148D11C61EEA500F9BFCC /* Sources */,
				608148D21C61EEA500F9BFCC /* Frameworks */,
				608148D31C61EEA500F9BFCC /* Resources */,
			);
			buildRules = (
			);
			dependencies = (
			);
			name = PieView;
			productName = PieView;
			productReference = 608148D51C61EEA500F9BFCC /* PieView.app */;
			productType = "com.apple.product-type.application";
		};
		608148ED1C61EEA500F9BFCC /* PieViewTests */ = {
			isa = PBXNativeTarget;
			buildConfigurationList = 608149051C61EEA500F9BFCC /* Build configuration list for PBXNativeTarget "PieViewTests" */;
			buildPhases = (
				608148EA1C61EEA500F9BFCC /* Sources */,
				608148EB1C61EEA500F9BFCC /* Frameworks */,
				608148EC1C61EEA500F9BFCC /* Resources */,
			);
			buildRules = (
			);
			dependencies = (
				608148F01C61EEA500F9BFCC /* PBXTargetDependency */,
			);
			name = PieViewTests;
			productName = PieViewTests;
			productReference = 608148EE1C61EEA500F9BFCC /* PieViewTests.xctest */;
			productType = "com.apple.product-type.bundle.unit-test";
		};
		608148F81C61EEA500F9BFCC /* PieViewUITests */ = {
			isa = PBXNativeTarget;
			buildConfigurationList = 608149081C61EEA500F9BFCC /* Build configuration list for PBXNativeTarget "PieViewUITests" */;
			buildPhases = (
				608148F51C61EEA500F9BFCC /* Sources */,
				608148F61C61EEA500F9BFCC /* Frameworks */,
				608148F71C61EEA500F9BFCC /* Resources */,
			);
			buildRules = (
			);
			dependencies = (
				608148FB1C61EEA500F9BFCC /* PBXTargetDependency */,
			);
			name = PieViewUITests;
			productName = PieViewUITests;
			productReference = 608148F91C61EEA500F9BFCC /* PieViewUITests.xctest */;
			productType = "com.apple.product-type.bundle.ui-testing";
		};
/* End PBXNativeTarget section */

/* Begin PBXProject section */
		608148CD1C61EEA500F9BFCC /* Project object */ = {
			isa = PBXProject;
			attributes = {
				LastUpgradeCheck = 0720;
				ORGANIZATIONNAME = apple;
				TargetAttributes = {
					608148D41C61EEA500F9BFCC = {
						CreatedOnToolsVersion = 7.2;
					};
					608148ED1C61EEA500F9BFCC = {
						CreatedOnToolsVersion = 7.2;
						TestTargetID = 608148D41C61EEA500F9BFCC;
					};
					608148F81C61EEA500F9BFCC = {
						CreatedOnToolsVersion = 7.2;
						TestTargetID = 608148D41C61EEA500F9BFCC;
					};
				};
			};
			buildConfigurationList = 608148D01C61EEA500F9BFCC /* Build configuration list for PBXProject "PieView" */;
			compatibilityVersion = "Xcode 3.2";
			developmentRegion = English;
			hasScannedForEncodings = 0;
			knownRegions = (
				en,
				Base,
			);
			mainGroup = 608148CC1C61EEA500F9BFCC;
			productRefGroup = 608148D61C61EEA500F9BFCC /* Products */;
			projectDirPath = "";
			projectRoot = "";
			targets = (
				608148D41C61EEA500F9BFCC /* PieView */,
				608148ED1C61EEA500F9BFCC /* PieViewTests */,
				608148F81C61EEA500F9BFCC /* PieViewUITests */,
			);
		};
/* End PBXProject section */

/* Begin PBXResourcesBuildPhase section */
		608148D31C61EEA500F9BFCC /* Resources */ = {
			isa = PBXResourcesBuildPhase;
			buildActionMask = 2147483647;
			files = (
				608148E81C61EEA500F9BFCC /* LaunchScreen.storyboard in Resources */,
				608148E51C61EEA500F9BFCC /* Assets.xcassets in Resources */,
				608148E31C61EEA500F9BFCC /* Main.storyboard in Resources */,
			);
			runOnlyForDeploymentPostprocessing = 0;
		};
		608148EC1C61EEA500F9BFCC /* Resources */ = {
			isa = PBXResourcesBuildPhase;
			buildActionMask = 2147483647;
			files = (
			);
			runOnlyForDeploymentPostprocessing = 0;
		};
		608148F71C61EEA500F9BFCC /* Resources */ = {
			isa = PBXResourcesBuildPhase;
			buildActionMask = 2147483647;
			files = (
			);
			runOnlyForDeploymentPostprocessing = 0;
		};
/* End PBXResourcesBuildPhase section */

/* Begin PBXSourcesBuildPhase section */
		608148D11C61EEA500F9BFCC /* Sources */ = {
			isa = PBXSourcesBuildPhase;
			buildActionMask = 2147483647;
			files = (
				608149371C61F0D500F9BFCC /* PNLineChart.m in Sources */,
				608149321C61F0D500F9BFCC /* PNBarChart.m in Sources */,
				608149351C61F0D500F9BFCC /* PNColor.m in Sources */,
				6081493C1C61F0D500F9BFCC /* PNRadarChart.m in Sources */,
				6081493D1C61F0D500F9BFCC /* PNRadarChartDataItem.m in Sources */,
				608148E01C61EEA500F9BFCC /* ViewController.m in Sources */,
				608149311C61F0D500F9BFCC /* PNBar.m in Sources */,
				6081493F1C61F0D500F9BFCC /* PNScatterChartData.m in Sources */,
				608149391C61F0D500F9BFCC /* PNLineChartDataItem.m in Sources */,
				608149331C61F0D500F9BFCC /* PNChartLabel.m in Sources */,
				608148DD1C61EEA500F9BFCC /* AppDelegate.m in Sources */,
				608149401C61F0D500F9BFCC /* PNScatterChartDataItem.m in Sources */,
				6081493B1C61F0D500F9BFCC /* PNPieChartDataItem.m in Sources */,
				608148DA1C61EEA500F9BFCC /* main.m in Sources */,
				608149381C61F0D500F9BFCC /* PNLineChartData.m in Sources */,
				6081493E1C61F0D500F9BFCC /* PNScatterChart.m in Sources */,
				608149341C61F0D500F9BFCC /* PNCircleChart.m in Sources */,
				608149411C61F0D500F9BFCC /* UICountingLabel.m in Sources */,
				6081493A1C61F0D500F9BFCC /* PNPieChart.m in Sources */,
				608149361C61F0D500F9BFCC /* PNGenericChart.m in Sources */,
			);
			runOnlyForDeploymentPostprocessing = 0;
		};
		608148EA1C61EEA500F9BFCC /* Sources */ = {
			isa = PBXSourcesBuildPhase;
			buildActionMask = 2147483647;
			files = (
				608148F31C61EEA500F9BFCC /* PieViewTests.m in Sources */,
			);
			runOnlyForDeploymentPostprocessing = 0;
		};
		608148F51C61EEA500F9BFCC /* Sources */ = {
			isa = PBXSourcesBuildPhase;
			buildActionMask = 2147483647;
			files = (
				608148FE1C61EEA500F9BFCC /* PieViewUITests.m in Sources */,
			);
			runOnlyForDeploymentPostprocessing = 0;
		};
/* End PBXSourcesBuildPhase section */

/* Begin PBXTargetDependency section */
		608148F01C61EEA500F9BFCC /* PBXTargetDependency */ = {
			isa = PBXTargetDependency;
			target = 608148D41C61EEA500F9BFCC /* PieView */;
			targetProxy = 608148EF1C61EEA500F9BFCC /* PBXContainerItemProxy */;
		};
		608148FB1C61EEA500F9BFCC /* PBXTargetDependency */ = {
			isa = PBXTargetDependency;
			target = 608148D41C61EEA500F9BFCC /* PieView */;
			targetProxy = 608148FA1C61EEA500F9BFCC /* PBXContainerItemProxy */;
		};
/* End PBXTargetDependency section */

/* Begin PBXVariantGroup section */
		608148E11C61EEA500F9BFCC /* Main.storyboard */ = {
			isa = PBXVariantGroup;
			children = (
				608148E21C61EEA500F9BFCC /* Base */,
			);
			name = Main.storyboard;
			sourceTree = "<group>";
		};
		608148E61C61EEA500F9BFCC /* LaunchScreen.storyboard */ = {
			isa = PBXVariantGroup;
			children = (
				608148E71C61EEA500F9BFCC /* Base */,
			);
			name = LaunchScreen.storyboard;
			sourceTree = "<group>";
		};
/* End PBXVariantGroup section */

/* Begin XCBuildConfiguration section */
		608149001C61EEA500F9BFCC /* Debug */ = {
			isa = XCBuildConfiguration;
			buildSettings = {
				ALWAYS_SEARCH_USER_PATHS = NO;
				CLANG_CXX_LANGUAGE_STANDARD = "gnu++0x";
				CLANG_CXX_LIBRARY = "libc++";
				CLANG_ENABLE_MODULES = YES;
				CLANG_ENABLE_OBJC_ARC = YES;
				CLANG_WARN_BOOL_CONVERSION = YES;
				CLANG_WARN_CONSTANT_CONVERSION = YES;
				CLANG_WARN_DIRECT_OBJC_ISA_USAGE = YES_ERROR;
				CLANG_WARN_EMPTY_BODY = YES;
				CLANG_WARN_ENUM_CONVERSION = YES;
				CLANG_WARN_INT_CONVERSION = YES;
				CLANG_WARN_OBJC_ROOT_CLASS = YES_ERROR;
				CLANG_WARN_UNREACHABLE_CODE = YES;
				CLANG_WARN__DUPLICATE_METHOD_MATCH = YES;
				"CODE_SIGN_IDENTITY[sdk=iphoneos*]" = "iPhone Developer";
				COPY_PHASE_STRIP = NO;
				DEBUG_INFORMATION_FORMAT = dwarf;
				ENABLE_STRICT_OBJC_MSGSEND = YES;
				ENABLE_TESTABILITY = YES;
				GCC_C_LANGUAGE_STANDARD = gnu99;
				GCC_DYNAMIC_NO_PIC = NO;
				GCC_NO_COMMON_BLOCKS = YES;
				GCC_OPTIMIZATION_LEVEL = 0;
				GCC_PREPROCESSOR_DEFINITIONS = (
					"DEBUG=1",
					"$(inherited)",
				);
				GCC_WARN_64_TO_32_BIT_CONVERSION = YES;
				GCC_WARN_ABOUT_RETURN_TYPE = YES_ERROR;
				GCC_WARN_UNDECLARED_SELECTOR = YES;
				GCC_WARN_UNINITIALIZED_AUTOS = YES_AGGRESSIVE;
				GCC_WARN_UNUSED_FUNCTION = YES;
				GCC_WARN_UNUSED_VARIABLE = YES;
				IPHONEOS_DEPLOYMENT_TARGET = 9.2;
				MTL_ENABLE_DEBUG_INFO = YES;
				ONLY_ACTIVE_ARCH = YES;
				SDKROOT = iphoneos;
			};
			name = Debug;
		};
		608149011C61EEA500F9BFCC /* Release */ = {
			isa = XCBuildConfiguration;
			buildSettings = {
				ALWAYS_SEARCH_USER_PATHS = NO;
				CLANG_CXX_LANGUAGE_STANDARD = "gnu++0x";
				CLANG_CXX_LIBRARY = "libc++";
				CLANG_ENABLE_MODULES = YES;
				CLANG_ENABLE_OBJC_ARC = YES;
				CLANG_WARN_BOOL_CONVERSION = YES;
				CLANG_WARN_CONSTANT_CONVERSION = YES;
				CLANG_WARN_DIRECT_OBJC_ISA_USAGE = YES_ERROR;
				CLANG_WARN_EMPTY_BODY = YES;
				CLANG_WARN_ENUM_CONVERSION = YES;
				CLANG_WARN_INT_CONVERSION = YES;
				CLANG_WARN_OBJC_ROOT_CLASS = YES_ERROR;
				CLANG_WARN_UNREACHABLE_CODE = YES;
				CLANG_WARN__DUPLICATE_METHOD_MATCH = YES;
				"CODE_SIGN_IDENTITY[sdk=iphoneos*]" = "iPhone Developer";
				COPY_PHASE_STRIP = NO;
				DEBUG_INFORMATION_FORMAT = "dwarf-with-dsym";
				ENABLE_NS_ASSERTIONS = NO;
				ENABLE_STRICT_OBJC_MSGSEND = YES;
				GCC_C_LANGUAGE_STANDARD = gnu99;
				GCC_NO_COMMON_BLOCKS = YES;
				GCC_WARN_64_TO_32_BIT_CONVERSION = YES;
				GCC_WARN_ABOUT_RETURN_TYPE = YES_ERROR;
				GCC_WARN_UNDECLARED_SELECTOR = YES;
				GCC_WARN_UNINITIALIZED_AUTOS = YES_AGGRESSIVE;
				GCC_WARN_UNUSED_FUNCTION = YES;
				GCC_WARN_UNUSED_VARIABLE = YES;
				IPHONEOS_DEPLOYMENT_TARGET = 9.2;
				MTL_ENABLE_DEBUG_INFO = NO;
				SDKROOT = iphoneos;
				VALIDATE_PRODUCT = YES;
			};
			name = Release;
		};
		608149031C61EEA500F9BFCC /* Debug */ = {
			isa = XCBuildConfiguration;
			buildSettings = {
				ASSETCATALOG_COMPILER_APPICON_NAME = AppIcon;
				INFOPLIST_FILE = PieView/Info.plist;
				LD_RUNPATH_SEARCH_PATHS = "$(inherited) @executable_path/Frameworks";
				PRODUCT_BUNDLE_IDENTIFIER = apple.PieView;
				PRODUCT_NAME = "$(TARGET_NAME)";
			};
			name = Debug;
		};
		608149041C61EEA500F9BFCC /* Release */ = {
			isa = XCBuildConfiguration;
			buildSettings = {
				ASSETCATALOG_COMPILER_APPICON_NAME = AppIcon;
				INFOPLIST_FILE = PieView/Info.plist;
				LD_RUNPATH_SEARCH_PATHS = "$(inherited) @executable_path/Frameworks";
				PRODUCT_BUNDLE_IDENTIFIER = apple.PieView;
				PRODUCT_NAME = "$(TARGET_NAME)";
			};
			name = Release;
		};
		608149061C61EEA500F9BFCC /* Debug */ = {
			isa = XCBuildConfiguration;
			buildSettings = {
				BUNDLE_LOADER = "$(TEST_HOST)";
				INFOPLIST_FILE = PieViewTests/Info.plist;
				LD_RUNPATH_SEARCH_PATHS = "$(inherited) @executable_path/Frameworks @loader_path/Frameworks";
				PRODUCT_BUNDLE_IDENTIFIER = apple.PieViewTests;
				PRODUCT_NAME = "$(TARGET_NAME)";
				TEST_HOST = "$(BUILT_PRODUCTS_DIR)/PieView.app/PieView";
			};
			name = Debug;
		};
		608149071C61EEA500F9BFCC /* Release */ = {
			isa = XCBuildConfiguration;
			buildSettings = {
				BUNDLE_LOADER = "$(TEST_HOST)";
				INFOPLIST_FILE = PieViewTests/Info.plist;
				LD_RUNPATH_SEARCH_PATHS = "$(inherited) @executable_path/Frameworks @loader_path/Frameworks";
				PRODUCT_BUNDLE_IDENTIFIER = apple.PieViewTests;
				PRODUCT_NAME = "$(TARGET_NAME)";
				TEST_HOST = "$(BUILT_PRODUCTS_DIR)/PieView.app/PieView";
			};
			name = Release;
		};
		608149091C61EEA500F9BFCC /* Debug */ = {
			isa = XCBuildConfiguration;
			buildSettings = {
				INFOPLIST_FILE = PieViewUITests/Info.plist;
				LD_RUNPATH_SEARCH_PATHS = "$(inherited) @executable_path/Frameworks @loader_path/Frameworks";
				PRODUCT_BUNDLE_IDENTIFIER = apple.PieViewUITests;
				PRODUCT_NAME = "$(TARGET_NAME)";
				TEST_TARGET_NAME = PieView;
				USES_XCTRUNNER = YES;
			};
			name = Debug;
		};
		6081490A1C61EEA500F9BFCC /* Release */ = {
			isa = XCBuildConfiguration;
			buildSettings = {
				INFOPLIST_FILE = PieViewUITests/Info.plist;
				LD_RUNPATH_SEARCH_PATHS = "$(inherited) @executable_path/Frameworks @loader_path/Frameworks";
				PRODUCT_BUNDLE_IDENTIFIER = apple.PieViewUITests;
				PRODUCT_NAME = "$(TARGET_NAME)";
				TEST_TARGET_NAME = PieView;
				USES_XCTRUNNER = YES;
			};
			name = Release;
		};
/* End XCBuildConfiguration section */

/* Begin XCConfigurationList section */
		608148D01C61EEA500F9BFCC /* Build configuration list for PBXProject "PieView" */ = {
			isa = XCConfigurationList;
			buildConfigurations = (
				608149001C61EEA500F9BFCC /* Debug */,
				608149011C61EEA500F9BFCC /* Release */,
			);
			defaultConfigurationIsVisible = 0;
			defaultConfigurationName = Release;
		};
		608149021C61EEA500F9BFCC /* Build configuration list for PBXNativeTarget "PieView" */ = {
			isa = XCConfigurationList;
			buildConfigurations = (
				608149031C61EEA500F9BFCC /* Debug */,
				608149041C61EEA500F9BFCC /* Release */,
			);
			defaultConfigurationIsVisible = 0;
		};
		608149051C61EEA500F9BFCC /* Build configuration list for PBXNativeTarget "PieViewTests" */ = {
			isa = XCConfigurationList;
			buildConfigurations = (
				608149061C61EEA500F9BFCC /* Debug */,
				608149071C61EEA500F9BFCC /* Release */,
			);
			defaultConfigurationIsVisible = 0;
		};
		608149081C61EEA500F9BFCC /* Build configuration list for PBXNativeTarget "PieViewUITests" */ = {
			isa = XCConfigurationList;
			buildConfigurations = (
				608149091C61EEA500F9BFCC /* Debug */,
				6081490A1C61EEA500F9BFCC /* Release */,
			);
			defaultConfigurationIsVisible = 0;
		};
/* End XCConfigurationList section */
	};
	rootObject = 608148CD1C61EEA500F9BFCC /* Project object */;
}
